{
  "name": "2025",
  "lockfileVersion": 3,
  "requires": true,
  "packages": {
    "": {
      "dependencies": {
        "aocparse": "file:./aocparse",
        "fraction.js": "^5.3.4"
      }
    },
    "aocparse": {},
    "node_modules/aocparse": {
      "resolved": "aocparse",
      "link": true
    },
    "node_modules/fraction.js": {
      "version": "5.3.4",
      "license": "MIT",
      "engines": {
        "node": "*"
      },
      "funding": {
        "type": "github",
        "url": "https://github.com/sponsors/rawify"
      }
    }
  }
}
