github.com/prataprc/goparsec v0.0.0-20211219142520-daac0e635e7e h1:7teoyCCMBovX+/L3/C2adcGNJI6Tsx6a2hbWQ8vWoO8=
github.com/prataprc/goparsec v0.0.0-20211219142520-daac0e635e7e/go.mod h1:YbpxZqbf10o5u96/iDpcfDQmbIOTX/iNCH/yBByTfaM=
golang.org/x/exp v0.0.0-20231206192017-f3f8817b8deb h1:c0vyKkb6yr3KR7jEfJaOSv4lG7xPkbN6r52aJz1d8a8=
golang.org/x/exp v0.0.0-20231206192017-f3f8817b8deb/go.mod h1:iRJReGqOEeBhDZGkGbynYwcHlctCvnjTYIamk7uXpHI=
